
Microsoft Visual Studio Solution File, Format Version 12.00
# Visual Studio Version 16
VisualStudioVersion = 16.0.28531.58
MinimumVisualStudioVersion = 10.0.40219.1
Project("{9A19103F-16F7-4668-BE54-9A1E7A4F7556}") = "ABTS.API", "ABTS.API\ABTS.API.csproj", "{9B377244-ACBC-4E31-AFD3-EA3F90CCFABD}"
EndProject
Project("{9A19103F-16F7-4668-BE54-9A1E7A4F7556}") = "ABTS.DAL", "ABTS.DAL\ABTS.DAL.csproj", "{6E8B9319-A09E-46AB-9FE7-29224B9FAAEF}"
EndProject
Project("{9A19103F-16F7-4668-BE54-9A1E7A4F7556}") = "ABTS.Entities", "ABTS.Entities\ABTS.Entities.csproj", "{F48DB7BC-5DE6-4228-9466-CE83D1FB43F8}"
EndProject
Project("{9A19103F-16F7-4668-BE54-9A1E7A4F7556}") = "ABTS.BLL", "ABTS.BLL\ABTS.BLL.csproj", "{8E50BA7F-EAE7-48E2-B1F0-8964DCFEC789}"
EndProject
Project("{2150E333-8FDC-42A3-9474-1A3956D46DE8}") = "Services", "Services", "{32A2FFC0-5378-4191-8899-2A4B15F06C2D}"
EndProject
Project("{9A19103F-16F7-4668-BE54-9A1E7A4F7556}") = "ABTS.ElasticService", "ABTS.Services\ABTS.ElasticService\ABTS.ElasticService.csproj", "{1B34A9AF-409E-49DA-B8CC-981204AD9B2C}"
EndProject
Project("{9A19103F-16F7-4668-BE54-9A1E7A4F7556}") = "ABTS.RedisService", "ABTS.Services\ABTS.RedisService\ABTS.RedisService.csproj", "{4FD8F828-7916-45C0-977E-9D3F874CADE6}"
EndProject
Project("{9A19103F-16F7-4668-BE54-9A1E7A4F7556}") = "ABTS.HangfireService", "ABTS.Services\ABTS.HangfireService\ABTS.HangfireService.csproj", "{D51F6E7E-1E06-4FB6-9E2A-1C3D5A90C752}"
EndProject
Project("{FAE04EC0-301F-11D3-BF4B-00C04F79EFBC}") = "ABTS.Core", "ABTS.Core\ABTS.Core.csproj", "{AC9E4E9F-9E87-403B-B756-D3432432BF07}"
EndProject
Global
	GlobalSection(SolutionConfigurationPlatforms) = preSolution
		Debug|Any CPU = Debug|Any CPU
		Release|Any CPU = Release|Any CPU
	EndGlobalSection
	GlobalSection(ProjectConfigurationPlatforms) = postSolution
		{9B377244-ACBC-4E31-AFD3-EA3F90CCFABD}.Debug|Any CPU.ActiveCfg = Debug|Any CPU
		{9B377244-ACBC-4E31-AFD3-EA3F90CCFABD}.Debug|Any CPU.Build.0 = Debug|Any CPU
		{9B377244-ACBC-4E31-AFD3-EA3F90CCFABD}.Release|Any CPU.ActiveCfg = Release|Any CPU
		{9B377244-ACBC-4E31-AFD3-EA3F90CCFABD}.Release|Any CPU.Build.0 = Release|Any CPU
		{6E8B9319-A09E-46AB-9FE7-29224B9FAAEF}.Debug|Any CPU.ActiveCfg = Debug|Any CPU
		{6E8B9319-A09E-46AB-9FE7-29224B9FAAEF}.Debug|Any CPU.Build.0 = Debug|Any CPU
		{6E8B9319-A09E-46AB-9FE7-29224B9FAAEF}.Release|Any CPU.ActiveCfg = Release|Any CPU
		{6E8B9319-A09E-46AB-9FE7-29224B9FAAEF}.Release|Any CPU.Build.0 = Release|Any CPU
		{F48DB7BC-5DE6-4228-9466-CE83D1FB43F8}.Debug|Any CPU.ActiveCfg = Debug|Any CPU
		{F48DB7BC-5DE6-4228-9466-CE83D1FB43F8}.Debug|Any CPU.Build.0 = Debug|Any CPU
		{F48DB7BC-5DE6-4228-9466-CE83D1FB43F8}.Release|Any CPU.ActiveCfg = Release|Any CPU
		{F48DB7BC-5DE6-4228-9466-CE83D1FB43F8}.Release|Any CPU.Build.0 = Release|Any CPU
		{8E50BA7F-EAE7-48E2-B1F0-8964DCFEC789}.Debug|Any CPU.ActiveCfg = Debug|Any CPU
		{8E50BA7F-EAE7-48E2-B1F0-8964DCFEC789}.Debug|Any CPU.Build.0 = Debug|Any CPU
		{8E50BA7F-EAE7-48E2-B1F0-8964DCFEC789}.Release|Any CPU.ActiveCfg = Release|Any CPU
		{8E50BA7F-EAE7-48E2-B1F0-8964DCFEC789}.Release|Any CPU.Build.0 = Release|Any CPU
		{1B34A9AF-409E-49DA-B8CC-981204AD9B2C}.Debug|Any CPU.ActiveCfg = Debug|Any CPU
		{1B34A9AF-409E-49DA-B8CC-981204AD9B2C}.Debug|Any CPU.Build.0 = Debug|Any CPU
		{1B34A9AF-409E-49DA-B8CC-981204AD9B2C}.Release|Any CPU.ActiveCfg = Release|Any CPU
		{1B34A9AF-409E-49DA-B8CC-981204AD9B2C}.Release|Any CPU.Build.0 = Release|Any CPU
		{4FD8F828-7916-45C0-977E-9D3F874CADE6}.Debug|Any CPU.ActiveCfg = Debug|Any CPU
		{4FD8F828-7916-45C0-977E-9D3F874CADE6}.Debug|Any CPU.Build.0 = Debug|Any CPU
		{4FD8F828-7916-45C0-977E-9D3F874CADE6}.Release|Any CPU.ActiveCfg = Release|Any CPU
		{4FD8F828-7916-45C0-977E-9D3F874CADE6}.Release|Any CPU.Build.0 = Release|Any CPU
		{D51F6E7E-1E06-4FB6-9E2A-1C3D5A90C752}.Debug|Any CPU.ActiveCfg = Debug|Any CPU
		{D51F6E7E-1E06-4FB6-9E2A-1C3D5A90C752}.Debug|Any CPU.Build.0 = Debug|Any CPU
		{D51F6E7E-1E06-4FB6-9E2A-1C3D5A90C752}.Release|Any CPU.ActiveCfg = Release|Any CPU
		{D51F6E7E-1E06-4FB6-9E2A-1C3D5A90C752}.Release|Any CPU.Build.0 = Release|Any CPU
		{AC9E4E9F-9E87-403B-B756-D3432432BF07}.Debug|Any CPU.ActiveCfg = Debug|Any CPU
		{AC9E4E9F-9E87-403B-B756-D3432432BF07}.Debug|Any CPU.Build.0 = Debug|Any CPU
		{AC9E4E9F-9E87-403B-B756-D3432432BF07}.Release|Any CPU.ActiveCfg = Release|Any CPU
		{AC9E4E9F-9E87-403B-B756-D3432432BF07}.Release|Any CPU.Build.0 = Release|Any CPU
	EndGlobalSection
	GlobalSection(SolutionProperties) = preSolution
		HideSolutionNode = FALSE
	EndGlobalSection
	GlobalSection(NestedProjects) = preSolution
		{1B34A9AF-409E-49DA-B8CC-981204AD9B2C} = {32A2FFC0-5378-4191-8899-2A4B15F06C2D}
		{4FD8F828-7916-45C0-977E-9D3F874CADE6} = {32A2FFC0-5378-4191-8899-2A4B15F06C2D}
		{D51F6E7E-1E06-4FB6-9E2A-1C3D5A90C752} = {32A2FFC0-5378-4191-8899-2A4B15F06C2D}
	EndGlobalSection
	GlobalSection(ExtensibilityGlobals) = postSolution
		SolutionGuid = {12C66648-1C20-4F4A-932E-832DEA06C871}
	EndGlobalSection
EndGlobal
